
Microsoft Visual Studio Solution File, Format Version 10.00
# Visual Studio 2008
Project("{8BC9CEB8-8B4A-11D0-8D11-00A0C91BC942}") = "autocad2002", "autocad2002.vcproj", "{A5A71F18-50D9-4703-81B6-A6EC11875B40}"
EndProject
Global
	GlobalSection(SolutionConfigurationPlatforms) = preSolution
		Debug|Win32 = Debug|Win32
		FullDebug|Win32 = FullDebug|Win32
		Release|Win32 = Release|Win32
	EndGlobalSection
	GlobalSection(ProjectConfigurationPlatforms) = postSolution
		{A5A71F18-50D9-4703-81B6-A6EC11875B40}.Debug|Win32.ActiveCfg = Debug|Win32
		{A5A71F18-50D9-4703-81B6-A6EC11875B40}.Debug|Win32.Build.0 = Debug|Win32
		{A5A71F18-50D9-4703-81B6-A6EC11875B40}.FullDebug|Win32.ActiveCfg = FullDebug|Win32
		{A5A71F18-50D9-4703-81B6-A6EC11875B40}.FullDebug|Win32.Build.0 = FullDebug|Win32
		{A5A71F18-50D9-4703-81B6-A6EC11875B40}.Release|Win32.ActiveCfg = Release|Win32
		{A5A71F18-50D9-4703-81B6-A6EC11875B40}.Release|Win32.Build.0 = Release|Win32
	EndGlobalSection
	GlobalSection(SolutionProperties) = preSolution
		HideSolutionNode = FALSE
	EndGlobalSection
EndGlobal
