
Microsoft Visual Studio Solution File, Format Version 9.00
# Visual Studio 2005
Project("{FAE04EC0-301F-11D3-BF4B-00C04F79EFBC}") = "demo_csharp", "demo_csharp\demo_csharp.csproj", "{CF663BA7-E83A-4AA5-85AA-0A64AB95755E}"
EndProject
Global
	GlobalSection(SolutionConfigurationPlatforms) = preSolution
		Debug|Any CPU = Debug|Any CPU
		Release|Any CPU = Release|Any CPU
	EndGlobalSection
	GlobalSection(ProjectConfigurationPlatforms) = postSolution
		{CF663BA7-E83A-4AA5-85AA-0A64AB95755E}.Debug|Any CPU.ActiveCfg = Debug|Any CPU
		{CF663BA7-E83A-4AA5-85AA-0A64AB95755E}.Debug|Any CPU.Build.0 = Debug|Any CPU
		{CF663BA7-E83A-4AA5-85AA-0A64AB95755E}.Release|Any CPU.ActiveCfg = Release|Any CPU
		{CF663BA7-E83A-4AA5-85AA-0A64AB95755E}.Release|Any CPU.Build.0 = Release|Any CPU
	EndGlobalSection
	GlobalSection(SolutionProperties) = preSolution
		HideSolutionNode = FALSE
	EndGlobalSection
EndGlobal
